// !$*UTF8*$!
{
	archiveVersion = 1;
	classes = {
	};
	objectVersion = 51;
	objects = {

/* Begin PBXBuildFile section */
		794DCDFBEF5089E6E804ADF5 /* Pods_TealiumAdjustExample.framework in Frameworks */ = {isa = PBXBuildFile; fileRef = 68EFE042ED58736163CA1A62 /* Pods_TealiumAdjustExample.framework */; };
		CFEBE0C325D70593006D3574 /* TealiumAdjustExampleApp.swift in Sources */ = {isa = PBXBuildFile; fileRef = CFEBE0C225D70593006D3574 /* TealiumAdjustExampleApp.swift */; };
		CFEBE0C525D70593006D3574 /* ContentView.swift in Sources */ = {isa = PBXBuildFile; fileRef = CFEBE0C425D70593006D3574 /* ContentView.swift */; };
		CFEBE0C725D70594006D3574 /* Assets.xcassets in Resources */ = {isa = PBXBuildFile; fileRef = CFEBE0C625D70594006D3574 /* Assets.xcassets */; };
		CFEBE0CA25D70594006D3574 /* Preview Assets.xcassets in Resources */ = {isa = PBXBuildFile; fileRef = CFEBE0C925D70594006D3574 /* Preview Assets.xcassets */; };
		CFEBE0D425D705AD006D3574 /* TealiumHelper.swift in Sources */ = {isa = PBXBuildFile; fileRef = CFEBE0D225D705AD006D3574 /* TealiumHelper.swift */; };
		CFEBE0D525D705AD006D3574 /* adjust.json in Resources */ = {isa = PBXBuildFile; fileRef = CFEBE0D325D705AD006D3574 /* adjust.json */; };
		CFEBE0E325D708FB006D3574 /* Colors.swift in Sources */ = {isa = PBXBuildFile; fileRef = CFEBE0DF25D708FB006D3574 /* Colors.swift */; };
		CFEBE0E525D708FB006D3574 /* ButtonViews.swift in Sources */ = {isa = PBXBuildFile; fileRef = CFEBE0E225D708FB006D3574 /* ButtonViews.swift */; };
		CFEBE0E925D70B6E006D3574 /* CustomTextField.swift in Sources */ = {isa = PBXBuildFile; fileRef = CFEBE0E825D70B6E006D3574 /* CustomTextField.swift */; };
		CFEBE0EC25D74023006D3574 /* SettingsView.swift in Sources */ = {isa = PBXBuildFile; fileRef = CFEBE0EB25D74023006D3574 /* SettingsView.swift */; };
		CFEBE0EF25D74047006D3574 /* ToggleView.swift in Sources */ = {isa = PBXBuildFile; fileRef = CFEBE0EE25D74047006D3574 /* ToggleView.swift */; };
		CFEBE0F325D74301006D3574 /* TitleView.swift in Sources */ = {isa = PBXBuildFile; fileRef = CFEBE0F225D74301006D3574 /* TitleView.swift */; };
		CFEBE0F625D746A7006D3574 /* InAppPurchasesView.swift in Sources */ = {isa = PBXBuildFile; fileRef = CFEBE0F525D746A7006D3574 /* InAppPurchasesView.swift */; };
		CFEBE0FA25D74C18006D3574 /* String+Remove.swift in Sources */ = {isa = PBXBuildFile; fileRef = CFEBE0F925D74C18006D3574 /* String+Remove.swift */; };
		CFEBE0FE25D74CD0006D3574 /* EventsView.swift in Sources */ = {isa = PBXBuildFile; fileRef = CFEBE0FD25D74CD0006D3574 /* EventsView.swift */; };
		CFEBE10325D76271006D3574 /* Double+Round.swift in Sources */ = {isa = PBXBuildFile; fileRef = CFEBE10225D76270006D3574 /* Double+Round.swift */; };
		D72715F926146F7E006D0DB8 /* CoreTelephony.framework in Frameworks */ = {isa = PBXBuildFile; fileRef = D72715F826146F7E006D0DB8 /* CoreTelephony.framework */; };
		D72715FB26146F8A006D0DB8 /* AppTrackingTransparency.framework in Frameworks */ = {isa = PBXBuildFile; fileRef = D72715FA26146F8A006D0DB8 /* AppTrackingTransparency.framework */; };
		D747D5C5261209B80050244A /* AdSupport.framework in Frameworks */ = {isa = PBXBuildFile; fileRef = D747D5C2261209B80050244A /* AdSupport.framework */; };
		D747D5C6261209B80050244A /* AdServices.framework in Frameworks */ = {isa = PBXBuildFile; fileRef = D747D5C3261209B80050244A /* AdServices.framework */; };
		D747D5C7261209B80050244A /* iAd.framework in Frameworks */ = {isa = PBXBuildFile; fileRef = D747D5C4261209B80050244A /* iAd.framework */; };
/* End PBXBuildFile section */

/* Begin PBXFileReference section */
		68EFE042ED58736163CA1A62 /* Pods_TealiumAdjustExample.framework */ = {isa = PBXFileReference; explicitFileType = wrapper.framework; includeInIndex = 0; path = Pods_TealiumAdjustExample.framework; sourceTree = BUILT_PRODUCTS_DIR; };
		CF5ABABA25DC9A1900FEB1D6 /* AdjustSdk.framework */ = {isa = PBXFileReference; lastKnownFileType = wrapper.framework; name = AdjustSdk.framework; path = Carthage/Build/iOS/AdjustSdk.framework; sourceTree = "<group>"; };
		CF5ABABB25DC9A1900FEB1D6 /* TealiumRemoteCommands.framework */ = {isa = PBXFileReference; lastKnownFileType = wrapper.framework; name = TealiumRemoteCommands.framework; path = Carthage/Build/iOS/TealiumRemoteCommands.framework; sourceTree = "<group>"; };
		CF5ABABC25DC9A1900FEB1D6 /* TealiumCore.framework */ = {isa = PBXFileReference; lastKnownFileType = wrapper.framework; name = TealiumCore.framework; path = Carthage/Build/iOS/TealiumCore.framework; sourceTree = "<group>"; };
		CFEBE0BF25D70593006D3574 /* TealiumAdjustExample.app */ = {isa = PBXFileReference; explicitFileType = wrapper.application; includeInIndex = 0; path = TealiumAdjustExample.app; sourceTree = BUILT_PRODUCTS_DIR; };
		CFEBE0C225D70593006D3574 /* TealiumAdjustExampleApp.swift */ = {isa = PBXFileReference; lastKnownFileType = sourcecode.swift; path = TealiumAdjustExampleApp.swift; sourceTree = "<group>"; };
		CFEBE0C425D70593006D3574 /* ContentView.swift */ = {isa = PBXFileReference; lastKnownFileType = sourcecode.swift; path = ContentView.swift; sourceTree = "<group>"; };
		CFEBE0C625D70594006D3574 /* Assets.xcassets */ = {isa = PBXFileReference; lastKnownFileType = folder.assetcatalog; path = Assets.xcassets; sourceTree = "<group>"; };
		CFEBE0C925D70594006D3574 /* Preview Assets.xcassets */ = {isa = PBXFileReference; lastKnownFileType = folder.assetcatalog; path = "Preview Assets.xcassets"; sourceTree = "<group>"; };
		CFEBE0CB25D70594006D3574 /* Info.plist */ = {isa = PBXFileReference; lastKnownFileType = text.plist.xml; path = Info.plist; sourceTree = "<group>"; };
		CFEBE0D225D705AD006D3574 /* TealiumHelper.swift */ = {isa = PBXFileReference; fileEncoding = 4; lastKnownFileType = sourcecode.swift; path = TealiumHelper.swift; sourceTree = "<group>"; };
		CFEBE0D325D705AD006D3574 /* adjust.json */ = {isa = PBXFileReference; fileEncoding = 4; lastKnownFileType = text.json; path = adjust.json; sourceTree = "<group>"; };
		CFEBE0DF25D708FB006D3574 /* Colors.swift */ = {isa = PBXFileReference; fileEncoding = 4; lastKnownFileType = sourcecode.swift; path = Colors.swift; sourceTree = "<group>"; };
		CFEBE0E225D708FB006D3574 /* ButtonViews.swift */ = {isa = PBXFileReference; fileEncoding = 4; lastKnownFileType = sourcecode.swift; path = ButtonViews.swift; sourceTree = "<group>"; };
		CFEBE0E825D70B6E006D3574 /* CustomTextField.swift */ = {isa = PBXFileReference; fileEncoding = 4; lastKnownFileType = sourcecode.swift; path = CustomTextField.swift; sourceTree = "<group>"; };
		CFEBE0EB25D74023006D3574 /* SettingsView.swift */ = {isa = PBXFileReference; lastKnownFileType = sourcecode.swift; path = SettingsView.swift; sourceTree = "<group>"; };
		CFEBE0EE25D74047006D3574 /* ToggleView.swift */ = {isa = PBXFileReference; lastKnownFileType = sourcecode.swift; path = ToggleView.swift; sourceTree = "<group>"; };
		CFEBE0F225D74301006D3574 /* TitleView.swift */ = {isa = PBXFileReference; lastKnownFileType = sourcecode.swift; path = TitleView.swift; sourceTree = "<group>"; };
		CFEBE0F525D746A7006D3574 /* InAppPurchasesView.swift */ = {isa = PBXFileReference; lastKnownFileType = sourcecode.swift; path = InAppPurchasesView.swift; sourceTree = "<group>"; };
		CFEBE0F925D74C18006D3574 /* String+Remove.swift */ = {isa = PBXFileReference; lastKnownFileType = sourcecode.swift; path = "String+Remove.swift"; sourceTree = "<group>"; };
		CFEBE0FD25D74CD0006D3574 /* EventsView.swift */ = {isa = PBXFileReference; lastKnownFileType = sourcecode.swift; path = EventsView.swift; sourceTree = "<group>"; };
		CFEBE10225D76270006D3574 /* Double+Round.swift */ = {isa = PBXFileReference; lastKnownFileType = sourcecode.swift; path = "Double+Round.swift"; sourceTree = "<group>"; };
		CFEC8E9B25DCA3CA006EA807 /* TealiumAdjust.framework */ = {isa = PBXFileReference; lastKnownFileType = wrapper.framework; name = TealiumAdjust.framework; path = Carthage/Build/iOS/TealiumAdjust.framework; sourceTree = "<group>"; };
		CFEC8E9E25DCA3FE006EA807 /* TealiumLifecycle.framework */ = {isa = PBXFileReference; lastKnownFileType = wrapper.framework; name = TealiumLifecycle.framework; path = Carthage/Build/iOS/TealiumLifecycle.framework; sourceTree = "<group>"; };
		CFEC8E9F25DCA3FE006EA807 /* TealiumCollect.framework */ = {isa = PBXFileReference; lastKnownFileType = wrapper.framework; name = TealiumCollect.framework; path = Carthage/Build/iOS/TealiumCollect.framework; sourceTree = "<group>"; };
		D72715F826146F7E006D0DB8 /* CoreTelephony.framework */ = {isa = PBXFileReference; lastKnownFileType = wrapper.framework; name = CoreTelephony.framework; path = System/Library/Frameworks/CoreTelephony.framework; sourceTree = SDKROOT; };
		D72715FA26146F8A006D0DB8 /* AppTrackingTransparency.framework */ = {isa = PBXFileReference; lastKnownFileType = wrapper.framework; name = AppTrackingTransparency.framework; path = System/Library/Frameworks/AppTrackingTransparency.framework; sourceTree = SDKROOT; };
		D747D5C2261209B80050244A /* AdSupport.framework */ = {isa = PBXFileReference; lastKnownFileType = wrapper.framework; name = AdSupport.framework; path = System/Library/Frameworks/AdSupport.framework; sourceTree = SDKROOT; };
		D747D5C3261209B80050244A /* AdServices.framework */ = {isa = PBXFileReference; lastKnownFileType = wrapper.framework; name = AdServices.framework; path = System/Library/Frameworks/AdServices.framework; sourceTree = SDKROOT; };
		D747D5C4261209B80050244A /* iAd.framework */ = {isa = PBXFileReference; lastKnownFileType = wrapper.framework; name = iAd.framework; path = System/Library/Frameworks/iAd.framework; sourceTree = SDKROOT; };
		D747D5CA261212940050244A /* TealiumAdjustExample.entitlements */ = {isa = PBXFileReference; lastKnownFileType = text.plist.entitlements; path = TealiumAdjustExample.entitlements; sourceTree = "<group>"; };
/* End PBXFileReference section */

/* Begin PBXFrameworksBuildPhase section */
		CFEBE0BC25D70593006D3574 /* Frameworks */ = {
			isa = PBXFrameworksBuildPhase;
			buildActionMask = 2147483647;
			files = (
				D72715FB26146F8A006D0DB8 /* AppTrackingTransparency.framework in Frameworks */,
				D72715F926146F7E006D0DB8 /* CoreTelephony.framework in Frameworks */,
				D747D5C5261209B80050244A /* AdSupport.framework in Frameworks */,
				D747D5C6261209B80050244A /* AdServices.framework in Frameworks */,
				D747D5C7261209B80050244A /* iAd.framework in Frameworks */,
				794DCDFBEF5089E6E804ADF5 /* Pods_TealiumAdjustExample.framework in Frameworks */,
			);
			runOnlyForDeploymentPostprocessing = 0;
		};
/* End PBXFrameworksBuildPhase section */

/* Begin PBXGroup section */
		A58A88E832C1A6F37FFAC0E1 /* Frameworks */ = {
			isa = PBXGroup;
			children = (
				D72715FA26146F8A006D0DB8 /* AppTrackingTransparency.framework */,
				D72715F826146F7E006D0DB8 /* CoreTelephony.framework */,
				D747D5C3261209B80050244A /* AdServices.framework */,
				D747D5C2261209B80050244A /* AdSupport.framework */,
				D747D5C4261209B80050244A /* iAd.framework */,
				CFEC8E9F25DCA3FE006EA807 /* TealiumCollect.framework */,
				CFEC8E9E25DCA3FE006EA807 /* TealiumLifecycle.framework */,
				CFEC8E9B25DCA3CA006EA807 /* TealiumAdjust.framework */,
				CF5ABABA25DC9A1900FEB1D6 /* AdjustSdk.framework */,
				CF5ABABC25DC9A1900FEB1D6 /* TealiumCore.framework */,
				CF5ABABB25DC9A1900FEB1D6 /* TealiumRemoteCommands.framework */,
				68EFE042ED58736163CA1A62 /* Pods_TealiumAdjustExample.framework */,
			);
			name = Frameworks;
			sourceTree = "<group>";
		};
		CFEBE0B625D70593006D3574 = {
			isa = PBXGroup;
			children = (
				CFEBE0C125D70593006D3574 /* TealiumAdjustExample */,
				CFEBE0C025D70593006D3574 /* Products */,
				A58A88E832C1A6F37FFAC0E1 /* Frameworks */,
			);
			sourceTree = "<group>";
		};
		CFEBE0C025D70593006D3574 /* Products */ = {
			isa = PBXGroup;
			children = (
				CFEBE0BF25D70593006D3574 /* TealiumAdjustExample.app */,
			);
			name = Products;
			sourceTree = "<group>";
		};
		CFEBE0C125D70593006D3574 /* TealiumAdjustExample */ = {
			isa = PBXGroup;
			children = (
				D747D5CA261212940050244A /* TealiumAdjustExample.entitlements */,
				CFEBE0D225D705AD006D3574 /* TealiumHelper.swift */,
				CFEBE0C225D70593006D3574 /* TealiumAdjustExampleApp.swift */,
				CFEBE0C425D70593006D3574 /* ContentView.swift */,
				CFEBE0FD25D74CD0006D3574 /* EventsView.swift */,
				CFEBE0F525D746A7006D3574 /* InAppPurchasesView.swift */,
				CFEBE0EB25D74023006D3574 /* SettingsView.swift */,
				CFEBE0E025D708FB006D3574 /* Supporting Views */,
				CFEBE0DE25D708FB006D3574 /* Utilities */,
				CFEBE0C625D70594006D3574 /* Assets.xcassets */,
				CFEBE0CB25D70594006D3574 /* Info.plist */,
				CFEBE0D325D705AD006D3574 /* adjust.json */,
				CFEBE0C825D70594006D3574 /* Preview Content */,
			);
			path = TealiumAdjustExample;
			sourceTree = "<group>";
		};
		CFEBE0C825D70594006D3574 /* Preview Content */ = {
			isa = PBXGroup;
			children = (
				CFEBE0C925D70594006D3574 /* Preview Assets.xcassets */,
			);
			path = "Preview Content";
			sourceTree = "<group>";
		};
		CFEBE0DE25D708FB006D3574 /* Utilities */ = {
			isa = PBXGroup;
			children = (
				CFEBE0DF25D708FB006D3574 /* Colors.swift */,
				CFEBE0F925D74C18006D3574 /* String+Remove.swift */,
				CFEBE10225D76270006D3574 /* Double+Round.swift */,
			);
			path = Utilities;
			sourceTree = "<group>";
		};
		CFEBE0E025D708FB006D3574 /* Supporting Views */ = {
			isa = PBXGroup;
			children = (
				CFEBE0E825D70B6E006D3574 /* CustomTextField.swift */,
				CFEBE0E225D708FB006D3574 /* ButtonViews.swift */,
				CFEBE0EE25D74047006D3574 /* ToggleView.swift */,
				CFEBE0F225D74301006D3574 /* TitleView.swift */,
			);
			path = "Supporting Views";
			sourceTree = "<group>";
		};
/* End PBXGroup section */

/* Begin PBXNativeTarget section */
		CFEBE0BE25D70593006D3574 /* TealiumAdjustExample */ = {
			isa = PBXNativeTarget;
			buildConfigurationList = CFEBE0CE25D70594006D3574 /* Build configuration list for PBXNativeTarget "TealiumAdjustExample" */;
			buildPhases = (
				8E1D5F60D547A0FCF012961C /* [CP] Check Pods Manifest.lock */,
				CFEBE0BB25D70593006D3574 /* Sources */,
				CFEBE0BC25D70593006D3574 /* Frameworks */,
				CFEBE0BD25D70593006D3574 /* Resources */,
				FE8FBD6EF382474C79BD64ED /* [CP] Embed Pods Frameworks */,
			);
			buildRules = (
			);
			dependencies = (
			);
			name = TealiumAdjustExample;
			productName = TealiumAdjustExample;
			productReference = CFEBE0BF25D70593006D3574 /* TealiumAdjustExample.app */;
			productType = "com.apple.product-type.application";
		};
/* End PBXNativeTarget section */

/* Begin PBXProject section */
		CFEBE0B725D70593006D3574 /* Project object */ = {
			isa = PBXProject;
			attributes = {
				LastSwiftUpdateCheck = 1240;
				LastUpgradeCheck = 1240;
				TargetAttributes = {
					CFEBE0BE25D70593006D3574 = {
						CreatedOnToolsVersion = 12.4;
					};
				};
			};
			buildConfigurationList = CFEBE0BA25D70593006D3574 /* Build configuration list for PBXProject "TealiumAdjustExample" */;
			compatibilityVersion = "Xcode 9.3";
			developmentRegion = en;
			hasScannedForEncodings = 0;
			knownRegions = (
				en,
				Base,
			);
			mainGroup = CFEBE0B625D70593006D3574;
			productRefGroup = CFEBE0C025D70593006D3574 /* Products */;
			projectDirPath = "";
			projectRoot = "";
			targets = (
				CFEBE0BE25D70593006D3574 /* TealiumAdjustExample */,
			);
		};
/* End PBXProject section */

/* Begin PBXResourcesBuildPhase section */
		CFEBE0BD25D70593006D3574 /* Resources */ = {
			isa = PBXResourcesBuildPhase;
			buildActionMask = 2147483647;
			files = (
				CFEBE0CA25D70594006D3574 /* Preview Assets.xcassets in Resources */,
				CFEBE0C725D70594006D3574 /* Assets.xcassets in Resources */,
				CFEBE0D525D705AD006D3574 /* adjust.json in Resources */,
			);
			runOnlyForDeploymentPostprocessing = 0;
		};
/* End PBXResourcesBuildPhase section */

/* Begin PBXShellScriptBuildPhase section */
		8E1D5F60D547A0FCF012961C /* [CP] Check Pods Manifest.lock */ = {
			isa = PBXShellScriptBuildPhase;
			buildActionMask = 2147483647;
			files = (
			);
			inputFileListPaths = (
			);
			inputPaths = (
				"${PODS_PODFILE_DIR_PATH}/Podfile.lock",
				"${PODS_ROOT}/Manifest.lock",
			);
			name = "[CP] Check Pods Manifest.lock";
			outputFileListPaths = (
			);
			outputPaths = (
				"$(DERIVED_FILE_DIR)/Pods-TealiumAdjustExample-checkManifestLockResult.txt",
			);
			runOnlyForDeploymentPostprocessing = 0;
			shellPath = /bin/sh;
			shellScript = "diff \"${PODS_PODFILE_DIR_PATH}/Podfile.lock\" \"${PODS_ROOT}/Manifest.lock\" > /dev/null\nif [ $? != 0 ] ; then\n    # print error to STDERR\n    echo \"error: The sandbox is not in sync with the Podfile.lock. Run 'pod install' or update your CocoaPods installation.\" >&2\n    exit 1\nfi\n# This output is used by Xcode 'outputs' to avoid re-running this script phase.\necho \"SUCCESS\" > \"${SCRIPT_OUTPUT_FILE_0}\"\n";
			showEnvVarsInLog = 0;
		};
		FE8FBD6EF382474C79BD64ED /* [CP] Embed Pods Frameworks */ = {
			isa = PBXShellScriptBuildPhase;
			buildActionMask = 2147483647;
			files = (
			);
			inputFileListPaths = (
				"${PODS_ROOT}/Target Support Files/Pods-TealiumAdjustExample/Pods-TealiumAdjustExample-frameworks-${CONFIGURATION}-input-files.xcfilelist",
			);
			name = "[CP] Embed Pods Frameworks";
			outputFileListPaths = (
				"${PODS_ROOT}/Target Support Files/Pods-TealiumAdjustExample/Pods-TealiumAdjustExample-frameworks-${CONFIGURATION}-output-files.xcfilelist",
			);
			runOnlyForDeploymentPostprocessing = 0;
			shellPath = /bin/sh;
			shellScript = "\"${PODS_ROOT}/Target Support Files/Pods-TealiumAdjustExample/Pods-TealiumAdjustExample-frameworks.sh\"\n";
			showEnvVarsInLog = 0;
		};
/* End PBXShellScriptBuildPhase section */

/* Begin PBXSourcesBuildPhase section */
		CFEBE0BB25D70593006D3574 /* Sources */ = {
			isa = PBXSourcesBuildPhase;
			buildActionMask = 2147483647;
			files = (
				CFEBE0EF25D74047006D3574 /* ToggleView.swift in Sources */,
				CFEBE0EC25D74023006D3574 /* SettingsView.swift in Sources */,
				CFEBE0C525D70593006D3574 /* ContentView.swift in Sources */,
				CFEBE0E325D708FB006D3574 /* Colors.swift in Sources */,
				CFEBE0F625D746A7006D3574 /* InAppPurchasesView.swift in Sources */,
				CFEBE0E525D708FB006D3574 /* ButtonViews.swift in Sources */,
				CFEBE0F325D74301006D3574 /* TitleView.swift in Sources */,
				CFEBE0FA25D74C18006D3574 /* String+Remove.swift in Sources */,
				CFEBE10325D76271006D3574 /* Double+Round.swift in Sources */,
				CFEBE0D425D705AD006D3574 /* TealiumHelper.swift in Sources */,
				CFEBE0E925D70B6E006D3574 /* CustomTextField.swift in Sources */,
				CFEBE0C325D70593006D3574 /* TealiumAdjustExampleApp.swift in Sources */,
				CFEBE0FE25D74CD0006D3574 /* EventsView.swift in Sources */,
			);
			runOnlyForDeploymentPostprocessing = 0;
		};
/* End PBXSourcesBuildPhase section */

/* Begin XCBuildConfiguration section */
		CFEBE0CC25D70594006D3574 /* Debug */ = {
			isa = XCBuildConfiguration;
			buildSettings = {
				ALWAYS_SEARCH_USER_PATHS = NO;
				CLANG_ANALYZER_NONNULL = YES;
				CLANG_ANALYZER_NUMBER_OBJECT_CONVERSION = YES_AGGRESSIVE;
				CLANG_CXX_LANGUAGE_STANDARD = "gnu++14";
				CLANG_CXX_LIBRARY = "libc++";
				CLANG_ENABLE_MODULES = YES;
				CLANG_ENABLE_OBJC_ARC = YES;
				CLANG_ENABLE_OBJC_WEAK = YES;
				CLANG_WARN_BLOCK_CAPTURE_AUTORELEASING = YES;
				CLANG_WARN_BOOL_CONVERSION = YES;
				CLANG_WARN_COMMA = YES;
				CLANG_WARN_CONSTANT_CONVERSION = YES;
				CLANG_WARN_DEPRECATED_OBJC_IMPLEMENTATIONS = YES;
				CLANG_WARN_DIRECT_OBJC_ISA_USAGE = YES_ERROR;
				CLANG_WARN_DOCUMENTATION_COMMENTS = YES;
				CLANG_WARN_EMPTY_BODY = YES;
				CLANG_WARN_ENUM_CONVERSION = YES;
				CLANG_WARN_INFINITE_RECURSION = YES;
				CLANG_WARN_INT_CONVERSION = YES;
				CLANG_WARN_NON_LITERAL_NULL_CONVERSION = YES;
				CLANG_WARN_OBJC_IMPLICIT_RETAIN_SELF = YES;
				CLANG_WARN_OBJC_LITERAL_CONVERSION = YES;
				CLANG_WARN_OBJC_ROOT_CLASS = YES_ERROR;
				CLANG_WARN_QUOTED_INCLUDE_IN_FRAMEWORK_HEADER = YES;
				CLANG_WARN_RANGE_LOOP_ANALYSIS = YES;
				CLANG_WARN_STRICT_PROTOTYPES = YES;
				CLANG_WARN_SUSPICIOUS_MOVE = YES;
				CLANG_WARN_UNGUARDED_AVAILABILITY = YES_AGGRESSIVE;
				CLANG_WARN_UNREACHABLE_CODE = YES;
				CLANG_WARN__DUPLICATE_METHOD_MATCH = YES;
				COPY_PHASE_STRIP = NO;
				DEBUG_INFORMATION_FORMAT = dwarf;
				ENABLE_STRICT_OBJC_MSGSEND = YES;
				ENABLE_TESTABILITY = YES;
				GCC_C_LANGUAGE_STANDARD = gnu11;
				GCC_DYNAMIC_NO_PIC = NO;
				GCC_NO_COMMON_BLOCKS = YES;
				GCC_OPTIMIZATION_LEVEL = 0;
				GCC_PREPROCESSOR_DEFINITIONS = (
					"DEBUG=1",
					"$(inherited)",
				);
				GCC_WARN_64_TO_32_BIT_CONVERSION = YES;
				GCC_WARN_ABOUT_RETURN_TYPE = YES_ERROR;
				GCC_WARN_UNDECLARED_SELECTOR = YES;
				GCC_WARN_UNINITIALIZED_AUTOS = YES_AGGRESSIVE;
				GCC_WARN_UNUSED_FUNCTION = YES;
				GCC_WARN_UNUSED_VARIABLE = YES;
				IPHONEOS_DEPLOYMENT_TARGET = 14.4;
				MTL_ENABLE_DEBUG_INFO = INCLUDE_SOURCE;
				MTL_FAST_MATH = YES;
				ONLY_ACTIVE_ARCH = YES;
				SDKROOT = iphoneos;
				SWIFT_ACTIVE_COMPILATION_CONDITIONS = DEBUG;
				SWIFT_OPTIMIZATION_LEVEL = "-Onone";
			};
			name = Debug;
		};
		CFEBE0CD25D70594006D3574 /* Release */ = {
			isa = XCBuildConfiguration;
			buildSettings = {
				ALWAYS_SEARCH_USER_PATHS = NO;
				CLANG_ANALYZER_NONNULL = YES;
				CLANG_ANALYZER_NUMBER_OBJECT_CONVERSION = YES_AGGRESSIVE;
				CLANG_CXX_LANGUAGE_STANDARD = "gnu++14";
				CLANG_CXX_LIBRARY = "libc++";
				CLANG_ENABLE_MODULES = YES;
				CLANG_ENABLE_OBJC_ARC = YES;
				CLANG_ENABLE_OBJC_WEAK = YES;
				CLANG_WARN_BLOCK_CAPTURE_AUTORELEASING = YES;
				CLANG_WARN_BOOL_CONVERSION = YES;
				CLANG_WARN_COMMA = YES;
				CLANG_WARN_CONSTANT_CONVERSION = YES;
				CLANG_WARN_DEPRECATED_OBJC_IMPLEMENTATIONS = YES;
				CLANG_WARN_DIRECT_OBJC_ISA_USAGE = YES_ERROR;
				CLANG_WARN_DOCUMENTATION_COMMENTS = YES;
				CLANG_WARN_EMPTY_BODY = YES;
				CLANG_WARN_ENUM_CONVERSION = YES;
				CLANG_WARN_INFINITE_RECURSION = YES;
				CLANG_WARN_INT_CONVERSION = YES;
				CLANG_WARN_NON_LITERAL_NULL_CONVERSION = YES;
				CLANG_WARN_OBJC_IMPLICIT_RETAIN_SELF = YES;
				CLANG_WARN_OBJC_LITERAL_CONVERSION = YES;
				CLANG_WARN_OBJC_ROOT_CLASS = YES_ERROR;
				CLANG_WARN_QUOTED_INCLUDE_IN_FRAMEWORK_HEADER = YES;
				CLANG_WARN_RANGE_LOOP_ANALYSIS = YES;
				CLANG_WARN_STRICT_PROTOTYPES = YES;
				CLANG_WARN_SUSPICIOUS_MOVE = YES;
				CLANG_WARN_UNGUARDED_AVAILABILITY = YES_AGGRESSIVE;
				CLANG_WARN_UNREACHABLE_CODE = YES;
				CLANG_WARN__DUPLICATE_METHOD_MATCH = YES;
				COPY_PHASE_STRIP = NO;
				DEBUG_INFORMATION_FORMAT = "dwarf-with-dsym";
				ENABLE_NS_ASSERTIONS = NO;
				ENABLE_STRICT_OBJC_MSGSEND = YES;
				GCC_C_LANGUAGE_STANDARD = gnu11;
				GCC_NO_COMMON_BLOCKS = YES;
				GCC_WARN_64_TO_32_BIT_CONVERSION = YES;
				GCC_WARN_ABOUT_RETURN_TYPE = YES_ERROR;
				GCC_WARN_UNDECLARED_SELECTOR = YES;
				GCC_WARN_UNINITIALIZED_AUTOS = YES_AGGRESSIVE;
				GCC_WARN_UNUSED_FUNCTION = YES;
				GCC_WARN_UNUSED_VARIABLE = YES;
				IPHONEOS_DEPLOYMENT_TARGET = 14.4;
				MTL_ENABLE_DEBUG_INFO = NO;
				MTL_FAST_MATH = YES;
				SDKROOT = iphoneos;
				SWIFT_COMPILATION_MODE = wholemodule;
				SWIFT_OPTIMIZATION_LEVEL = "-O";
				VALIDATE_PRODUCT = YES;
			};
			name = Release;
		};
		CFEBE0CF25D70594006D3574 /* Debug */ = {
			isa = XCBuildConfiguration;
			buildSettings = {
				ASSETCATALOG_COMPILER_APPICON_NAME = AppIcon;
				ASSETCATALOG_COMPILER_GLOBAL_ACCENT_COLOR_NAME = AccentColor;
				CODE_SIGN_ENTITLEMENTS = TealiumAdjustExample/TealiumAdjustExample.entitlements;
				CODE_SIGN_IDENTITY = "Apple Development";
				CODE_SIGN_STYLE = Automatic;
				DEVELOPMENT_ASSET_PATHS = "\"TealiumAdjustExample/Preview Content\"";
				DEVELOPMENT_TEAM = XC939GDC9P;
				ENABLE_PREVIEWS = YES;
				FRAMEWORK_SEARCH_PATHS = (
					"$(inherited)",
					"$(PROJECT_DIR)/Carthage/Build/iOS",
				);
				INFOPLIST_FILE = TealiumAdjustExample/Info.plist;
				IPHONEOS_DEPLOYMENT_TARGET = 14.0;
				LD_RUNPATH_SEARCH_PATHS = (
					"$(inherited)",
					"@executable_path/Frameworks",
				);
				PRODUCT_BUNDLE_IDENTIFIER = com.tealium.TealiumAdjustExample;
				PRODUCT_NAME = "$(TARGET_NAME)";
				PROVISIONING_PROFILE_SPECIFIER = "";
				SWIFT_VERSION = 5.0;
				TARGETED_DEVICE_FAMILY = "1,2";
				VALIDATE_WORKSPACE = YES;
			};
			name = Debug;
		};
		CFEBE0D025D70594006D3574 /* Release */ = {
			isa = XCBuildConfiguration;
			buildSettings = {
				ASSETCATALOG_COMPILER_APPICON_NAME = AppIcon;
				ASSETCATALOG_COMPILER_GLOBAL_ACCENT_COLOR_NAME = AccentColor;
				CODE_SIGN_ENTITLEMENTS = TealiumAdjustExample/TealiumAdjustExample.entitlements;
				CODE_SIGN_IDENTITY = "Apple Development";
				CODE_SIGN_STYLE = Automatic;
				DEVELOPMENT_ASSET_PATHS = "\"TealiumAdjustExample/Preview Content\"";
				DEVELOPMENT_TEAM = XC939GDC9P;
				ENABLE_PREVIEWS = YES;
				FRAMEWORK_SEARCH_PATHS = (
					"$(inherited)",
					"$(PROJECT_DIR)/Carthage/Build/iOS",
				);
				INFOPLIST_FILE = TealiumAdjustExample/Info.plist;
				IPHONEOS_DEPLOYMENT_TARGET = 14.0;
				LD_RUNPATH_SEARCH_PATHS = (
					"$(inherited)",
					"@executable_path/Frameworks",
				);
				PRODUCT_BUNDLE_IDENTIFIER = com.tealium.TealiumAdjustExample;
				PRODUCT_NAME = "$(TARGET_NAME)";
				PROVISIONING_PROFILE_SPECIFIER = "";
				SWIFT_VERSION = 5.0;
				TARGETED_DEVICE_FAMILY = "1,2";
				VALIDATE_WORKSPACE = YES;
			};
			name = Release;
		};
/* End XCBuildConfiguration section */

/* Begin XCConfigurationList section */
		CFEBE0BA25D70593006D3574 /* Build configuration list for PBXProject "TealiumAdjustExample" */ = {
			isa = XCConfigurationList;
			buildConfigurations = (
				CFEBE0CC25D70594006D3574 /* Debug */,
				CFEBE0CD25D70594006D3574 /* Release */,
			);
			defaultConfigurationIsVisible = 0;
			defaultConfigurationName = Release;
		};
		CFEBE0CE25D70594006D3574 /* Build configuration list for PBXNativeTarget "TealiumAdjustExample" */ = {
			isa = XCConfigurationList;
			buildConfigurations = (
				CFEBE0CF25D70594006D3574 /* Debug */,
				CFEBE0D025D70594006D3574 /* Release */,
			);
			defaultConfigurationIsVisible = 0;
			defaultConfigurationName = Release;
		};
/* End XCConfigurationList section */
	};
	rootObject = CFEBE0B725D70593006D3574 /* Project object */;
}
